<?xml version="1.0" encoding="utf-8"?>
<Project ToolsVersion="4.0" xmlns="http://schemas.microsoft.com/developer/msbuild/2003">
  <ItemGroup>
    <ClCompile Include="main.cpp" />
    <ClCompile Include="src\maths\mat4.cpp" />
    <ClCompile Include="src\maths\vec2.cpp" />
    <ClCompile Include="src\maths\vec3.cpp" />
    <ClCompile Include="src\maths\vec4.cpp" />
    <ClCompile Include="src\graphics\buffers\buffer.cpp" />
    <ClCompile Include="src\graphics\buffers\indexbuffer.cpp" />
    <ClCompile Include="src\graphics\buffers\vertexarray.cpp" />
    <ClCompile Include="src\graphics\layers\layer.cpp" />
    <ClCompile Include="src\graphics\layers\tilelayer.cpp" />
    <ClCompile Include="src\graphics\BatchRenderer2D.cpp" />
    <ClCompile Include="src\graphics\shader.cpp" />
    <ClCompile Include="src\graphics\simple2drenderer.cpp" />
    <ClCompile Include="src\graphics\sprite.cpp" />
    <ClCompile Include="src\graphics\static_sprite.cpp" />
    <ClCompile Include="src\graphics\window.cpp" />
  </ItemGroup>
  <ItemGroup>
    <ClInclude Include="src\maths\mat4.h" />
    <ClInclude Include="src\maths\maths.h" />
    <ClInclude Include="src\maths\maths_func.h" />
    <ClInclude Include="src\maths\vec2.h" />
    <ClInclude Include="src\maths\vec3.h" />
    <ClInclude Include="src\maths\vec4.h" />
    <ClInclude Include="src\utils\fileutils.h" />
    <ClInclude Include="src\utils\timer.h" />
    <ClInclude Include="src\graphics\window.h" />
    <ClInclude Include="src\graphics\buffers\buffer.h" />
    <ClInclude Include="src\graphics\buffers\indexbuffer.h" />
    <ClInclude Include="src\graphics\buffers\vertexarray.h" />
    <ClInclude Include="src\graphics\layers\layer.h" />
    <ClInclude Include="src\graphics\layers\tilelayer.h" />
    <ClInclude Include="src\graphics\BatchRenderer2D.h" />
    <ClInclude Include="src\graphics\renderable2d.h" />
    <ClInclude Include="src\graphics\renderer2d.h" />
    <ClInclude Include="src\graphics\shader.h" />
    <ClInclude Include="src\graphics\simple2drenderer.h" />
    <ClInclude Include="src\graphics\sprite.h" />
    <ClInclude Include="src\graphics\static_sprite.h" />
  </ItemGroup>
  <ItemGroup>
    <None Include="src\shaders\basic.frag" />
    <None Include="src\shaders\basic.vert" />
  </ItemGroup>
</Project>