<?xml version="1.0" encoding="utf-8"?>
<Project ToolsVersion="4.0" xmlns="http://schemas.microsoft.com/developer/msbuild/2003">
  <ItemGroup>
    <ClCompile Include="src\graphics\BatchRenderer2D.cpp">
      <Filter>Source Files</Filter>
    </ClCompile>
    <ClCompile Include="src\graphics\buffers\buffer.cpp">
      <Filter>Source Files</Filter>
    </ClCompile>
    <ClCompile Include="src\graphics\layers\group.cpp">
      <Filter>Source Files</Filter>
    </ClCompile>
    <ClCompile Include="src\graphics\buffers\indexbuffer.cpp">
      <Filter>Source Files</Filter>
    </ClCompile>
    <ClCompile Include="src\graphics\layers\layer.cpp">
      <Filter>Source Files</Filter>
    </ClCompile>
    <ClCompile Include="main.cpp">
      <Filter>Source Files</Filter>
    </ClCompile>
    <ClCompile Include="src\maths\mat4.cpp">
      <Filter>Source Files</Filter>
    </ClCompile>
    <ClCompile Include="src\graphics\shader.cpp">
      <Filter>Source Files</Filter>
    </ClCompile>
    <ClCompile Include="src\graphics\simple2drenderer.cpp">
      <Filter>Source Files</Filter>
    </ClCompile>
    <ClCompile Include="src\graphics\sprite.cpp">
      <Filter>Source Files</Filter>
    </ClCompile>
    <ClCompile Include="src\graphics\static_sprite.cpp">
      <Filter>Source Files</Filter>
    </ClCompile>
    <ClCompile Include="src\graphics\texture.cpp">
      <Filter>Source Files</Filter>
    </ClCompile>
    <ClCompile Include="src\graphics\layers\tilelayer.cpp">
      <Filter>Source Files</Filter>
    </ClCompile>
    <ClCompile Include="src\maths\vec2.cpp">
      <Filter>Source Files</Filter>
    </ClCompile>
    <ClCompile Include="src\maths\vec3.cpp">
      <Filter>Source Files</Filter>
    </ClCompile>
    <ClCompile Include="src\maths\vec4.cpp">
      <Filter>Source Files</Filter>
    </ClCompile>
    <ClCompile Include="src\graphics\buffers\vertexarray.cpp">
      <Filter>Source Files</Filter>
    </ClCompile>
    <ClCompile Include="src\graphics\window.cpp">
      <Filter>Source Files</Filter>
    </ClCompile>
    <ClCompile Include="ext\freetype\src\autofit\autofit.c">
      <Filter>Source Files\ext\freetype</Filter>
    </ClCompile>
    <ClCompile Include="ext\freetype\src\bdf\bdf.c">
      <Filter>Source Files\ext\freetype</Filter>
    </ClCompile>
    <ClCompile Include="ext\freetype\src\cff\cff.c">
      <Filter>Source Files\ext\freetype</Filter>
    </ClCompile>
    <ClCompile Include="ext\freetype\src\base\ftbase.c">
      <Filter>Source Files\ext\freetype</Filter>
    </ClCompile>
    <ClCompile Include="ext\freetype\src\base\ftbitmap.c">
      <Filter>Source Files\ext\freetype</Filter>
    </ClCompile>
    <ClCompile Include="ext\freetype\src\cache\ftcache.c">
      <Filter>Source Files\ext\freetype</Filter>
    </ClCompile>
    <ClCompile Include="ext\freetype\src\base\ftdebug.c">
      <Filter>Source Files\ext\freetype</Filter>
    </ClCompile>
    <ClCompile Include="ext\freetype\src\base\ftfstype.c">
      <Filter>Source Files\ext\freetype</Filter>
    </ClCompile>
    <ClCompile Include="ext\freetype\src\base\ftgasp.c">
      <Filter>Source Files\ext\freetype</Filter>
    </ClCompile>
    <ClCompile Include="ext\freetype\src\base\ftglyph.c">
      <Filter>Source Files\ext\freetype</Filter>
    </ClCompile>
    <ClCompile Include="ext\freetype\src\gzip\ftgzip.c">
      <Filter>Source Files\ext\freetype</Filter>
    </ClCompile>
    <ClCompile Include="ext\freetype\src\base\ftinit.c">
      <Filter>Source Files\ext\freetype</Filter>
    </ClCompile>
    <ClCompile Include="ext\freetype\src\lzw\ftlzw.c">
      <Filter>Source Files\ext\freetype</Filter>
    </ClCompile>
    <ClCompile Include="ext\freetype\src\base\ftstroke.c">
      <Filter>Source Files\ext\freetype</Filter>
    </ClCompile>
    <ClCompile Include="ext\freetype\src\base\ftsystem.c">
      <Filter>Source Files\ext\freetype</Filter>
    </ClCompile>
    <ClCompile Include="ext\freetype\src\smooth\smooth.c">
      <Filter>Source Files\ext\freetype</Filter>
    </ClCompile>
    <ClCompile Include="ext\freetype\src\base\ftbbox.c">
      <Filter>Source Files\ext\freetype\FT_MODULES</Filter>
    </ClCompile>
    <ClCompile Include="ext\freetype\src\base\ftgxval.c">
      <Filter>Source Files\ext\freetype\FT_MODULES</Filter>
    </ClCompile>
    <ClCompile Include="ext\freetype\src\base\ftlcdfil.c">
      <Filter>Source Files\ext\freetype\FT_MODULES</Filter>
    </ClCompile>
    <ClCompile Include="ext\freetype\src\base\ftotval.c">
      <Filter>Source Files\ext\freetype\FT_MODULES</Filter>
    </ClCompile>
    <ClCompile Include="ext\freetype\src\base\ftpatent.c">
      <Filter>Source Files\ext\freetype\FT_MODULES</Filter>
    </ClCompile>
    <ClCompile Include="ext\freetype\src\base\ftpfr.c">
      <Filter>Source Files\ext\freetype\FT_MODULES</Filter>
    </ClCompile>
    <ClCompile Include="ext\freetype\src\base\ftsynth.c">
      <Filter>Source Files\ext\freetype\FT_MODULES</Filter>
    </ClCompile>
    <ClCompile Include="ext\freetype\src\base\fttype1.c">
      <Filter>Source Files\ext\freetype\FT_MODULES</Filter>
    </ClCompile>
    <ClCompile Include="ext\freetype\src\base\ftwinfnt.c">
      <Filter>Source Files\ext\freetype\FT_MODULES</Filter>
    </ClCompile>
    <ClCompile Include="ext\freetype\src\base\ftxf86.c">
      <Filter>Source Files\ext\freetype\FT_MODULES</Filter>
    </ClCompile>
    <ClCompile Include="ext\freetype\src\pcf\pcf.c">
      <Filter>Source Files\ext\freetype\FT_MODULES</Filter>
    </ClCompile>
    <ClCompile Include="ext\freetype\src\pfr\pfr.c">
      <Filter>Source Files\ext\freetype\FT_MODULES</Filter>
    </ClCompile>
    <ClCompile Include="ext\freetype\src\psaux\psaux.c">
      <Filter>Source Files\ext\freetype\FT_MODULES</Filter>
    </ClCompile>
    <ClCompile Include="ext\freetype\src\psnames\psmodule.c">
      <Filter>Source Files\ext\freetype\FT_MODULES</Filter>
    </ClCompile>
    <ClCompile Include="ext\freetype\src\raster\raster.c">
      <Filter>Source Files\ext\freetype\FT_MODULES</Filter>
    </ClCompile>
    <ClCompile Include="ext\freetype\src\sfnt\sfnt.c">
      <Filter>Source Files\ext\freetype\FT_MODULES</Filter>
    </ClCompile>
    <ClCompile Include="ext\freetype\src\truetype\truetype.c">
      <Filter>Source Files\ext\freetype\FT_MODULES</Filter>
    </ClCompile>
    <ClCompile Include="ext\freetype\src\type1\type1.c">
      <Filter>Source Files\ext\freetype\FT_MODULES</Filter>
    </ClCompile>
    <ClCompile Include="ext\freetype\src\cid\type1cid.c">
      <Filter>Source Files\ext\freetype\FT_MODULES</Filter>
    </ClCompile>
    <ClCompile Include="ext\freetype\src\type42\type42.c">
      <Filter>Source Files\ext\freetype\FT_MODULES</Filter>
    </ClCompile>
    <ClCompile Include="ext\freetype\src\winfonts\winfnt.c">
      <Filter>Source Files\ext\freetype\FT_MODULES</Filter>
    </ClCompile>
    <ClCompile Include="ext\freetype\src\base\ftmm.c">
      <Filter>Source Files\ext\freetype\FT_MODULES</Filter>
    </ClCompile>
    <ClCompile Include="ext\freetype\src\pshinter\pshinter.c">
      <Filter>Source Files\ext\freetype\FT_MODULES</Filter>
    </ClCompile>
    <ClCompile Include="ext\freetype-gl\platform.c">
      <Filter>Source Files\ext\freetype-gl</Filter>
    </ClCompile>
    <ClCompile Include="ext\freetype-gl\texture-atlas.c">
      <Filter>Source Files\ext\freetype-gl</Filter>
    </ClCompile>
    <ClCompile Include="ext\freetype-gl\texture-font.c">
      <Filter>Source Files\ext\freetype-gl</Filter>
    </ClCompile>
    <ClCompile Include="ext\freetype-gl\vector.c">
      <Filter>Source Files\ext\freetype-gl</Filter>
    </ClCompile>
  </ItemGroup>
  <ItemGroup>
    <ClInclude Include="src\utils\fileutils.h">
      <Filter>Header Files</Filter>
    </ClInclude>
    <ClInclude Include="src\graphics\buffers\buffer.h">
      <Filter>Header Files</Filter>
    </ClInclude>
    <ClInclude Include="src\graphics\BatchRenderer2D.h">
      <Filter>Header Files</Filter>
    </ClInclude>
    <ClInclude Include="src\graphics\layers\group.h">
      <Filter>Header Files</Filter>
    </ClInclude>
    <ClInclude Include="src\utils\ImageLoad.h">
      <Filter>Header Files</Filter>
    </ClInclude>
    <ClInclude Include="src\graphics\buffers\indexbuffer.h">
      <Filter>Header Files</Filter>
    </ClInclude>
    <ClInclude Include="src\graphics\layers\layer.h">
      <Filter>Header Files</Filter>
    </ClInclude>
    <ClInclude Include="src\maths\mat4.h">
      <Filter>Header Files</Filter>
    </ClInclude>
    <ClInclude Include="src\maths\maths.h">
      <Filter>Header Files</Filter>
    </ClInclude>
    <ClInclude Include="src\maths\maths_func.h">
      <Filter>Header Files</Filter>
    </ClInclude>
    <ClInclude Include="src\graphics\renderable2d.h">
      <Filter>Header Files</Filter>
    </ClInclude>
    <ClInclude Include="src\graphics\renderer2d.h">
      <Filter>Header Files</Filter>
    </ClInclude>
    <ClInclude Include="src\graphics\shader.h">
      <Filter>Header Files</Filter>
    </ClInclude>
    <ClInclude Include="src\graphics\simple2drenderer.h">
      <Filter>Header Files</Filter>
    </ClInclude>
    <ClInclude Include="src\graphics\sprite.h">
      <Filter>Header Files</Filter>
    </ClInclude>
    <ClInclude Include="src\graphics\static_sprite.h">
      <Filter>Header Files</Filter>
    </ClInclude>
    <ClInclude Include="src\graphics\texture.h">
      <Filter>Header Files</Filter>
    </ClInclude>
    <ClInclude Include="src\graphics\layers\tilelayer.h">
      <Filter>Header Files</Filter>
    </ClInclude>
    <ClInclude Include="src\utils\timer.h">
      <Filter>Header Files</Filter>
    </ClInclude>
    <ClInclude Include="src\maths\vec2.h">
      <Filter>Header Files</Filter>
    </ClInclude>
    <ClInclude Include="src\maths\vec3.h">
      <Filter>Header Files</Filter>
    </ClInclude>
    <ClInclude Include="src\maths\vec4.h">
      <Filter>Header Files</Filter>
    </ClInclude>
    <ClInclude Include="src\graphics\buffers\vertexarray.h">
      <Filter>Header Files</Filter>
    </ClInclude>
    <ClInclude Include="src\graphics\window.h">
      <Filter>Header Files</Filter>
    </ClInclude>
    <ClInclude Include="ext\freetype\include\ft2build.h">
      <Filter>Header Files\ext\freetype</Filter>
    </ClInclude>
    <ClInclude Include="ext\freetype\include\config\ftconfig.h">
      <Filter>Header Files\ext\freetype</Filter>
    </ClInclude>
    <ClInclude Include="ext\freetype\include\config\ftheader.h">
      <Filter>Header Files\ext\freetype</Filter>
    </ClInclude>
    <ClInclude Include="ext\freetype\include\config\ftmodule.h">
      <Filter>Header Files\ext\freetype</Filter>
    </ClInclude>
    <ClInclude Include="ext\freetype\include\config\ftoption.h">
      <Filter>Header Files\ext\freetype</Filter>
    </ClInclude>
    <ClInclude Include="ext\freetype\include\config\ftstdlib.h">
      <Filter>Header Files\ext\freetype</Filter>
    </ClInclude>
    <ClInclude Include="ext\freetype-gl\common.h">
      <Filter>Header Files\ext\freetype-gl</Filter>
    </ClInclude>
    <ClInclude Include="ext\freetype-gl\freetype-gl.h">
      <Filter>Header Files\ext\freetype-gl</Filter>
    </ClInclude>
    <ClInclude Include="ext\freetype-gl\platform.h">
      <Filter>Header Files\ext\freetype-gl</Filter>
    </ClInclude>
    <ClInclude Include="ext\freetype-gl\texture-atlas.h">
      <Filter>Header Files\ext\freetype-gl</Filter>
    </ClInclude>
    <ClInclude Include="ext\freetype-gl\texture-font.h">
      <Filter>Header Files\ext\freetype-gl</Filter>
    </ClInclude>
    <ClInclude Include="ext\freetype-gl\vec234.h">
      <Filter>Header Files\ext\freetype-gl</Filter>
    </ClInclude>
    <ClInclude Include="ext\freetype-gl\vector.h">
      <Filter>Header Files\ext\freetype-gl</Filter>
    </ClInclude>
  </ItemGroup>
  <ItemGroup>
    <None Include="src\shaders\basic.frag">
      <Filter>Source Files</Filter>
    </None>
    <None Include="src\shaders\basic.vert">
      <Filter>Source Files</Filter>
    </None>
  </ItemGroup>
  <ItemGroup>
    <Image Include="b.png">
      <Filter>Source Files</Filter>
    </Image>
    <Image Include="tc.png">
      <Filter>Source Files</Filter>
    </Image>
    <Image Include="test.png">
      <Filter>Source Files</Filter>
    </Image>
  </ItemGroup>
  <ItemGroup>
    <Filter Include="Source Files">
      <UniqueIdentifier>{c410ad34-d7d9-4e1b-9a05-dc29e8ec5806}</UniqueIdentifier>
    </Filter>
    <Filter Include="Source Files\ext">
      <UniqueIdentifier>{75f94f17-9bdc-48fc-b86c-5fc185fa7427}</UniqueIdentifier>
    </Filter>
    <Filter Include="Source Files\ext\freetype">
      <UniqueIdentifier>{069d44a6-7b63-4178-a192-d2b1bcce44b8}</UniqueIdentifier>
    </Filter>
    <Filter Include="Header Files">
      <UniqueIdentifier>{43dc99e7-bbdf-4260-9321-f099a1525800}</UniqueIdentifier>
    </Filter>
    <Filter Include="Header Files\ext">
      <UniqueIdentifier>{07bffe79-272a-47bc-ac9c-44a418edbeca}</UniqueIdentifier>
    </Filter>
    <Filter Include="Header Files\ext\freetype">
      <UniqueIdentifier>{b7ad0f66-6279-4aca-b395-ac371149f9ef}</UniqueIdentifier>
    </Filter>
    <Filter Include="Source Files\ext\freetype\FT_MODULES">
      <UniqueIdentifier>{8db95e15-2374-49e6-b39b-9db098cac472}</UniqueIdentifier>
    </Filter>
    <Filter Include="Header Files\ext\freetype-gl">
      <UniqueIdentifier>{fcf24b03-2922-4cf2-961b-000e448ed0c8}</UniqueIdentifier>
    </Filter>
    <Filter Include="Source Files\ext\freetype-gl">
      <UniqueIdentifier>{a223025a-6403-4053-a55d-8c34b9e64c4a}</UniqueIdentifier>
    </Filter>
  </ItemGroup>
</Project>